<Solution>
  <Folder Name="/src/">
    <Project Path="src/Roamly.Api/Roamly.Api.csproj" />
    <Project Path="src/Roamly.Common/Roamly.Common.csproj" />
    <Project Path="src/Roamly.Domain/Roamly.Domain.csproj" />
    <Project Path="src/Roamly.Infrastructure/Roamly.Infrastructure.csproj" />
  </Folder>
  <Folder Name="/tests/">
    <Project Path="tests/Roamly.Domain.Tests/Roamly.Domain.Tests.csproj" />
    <Project Path="tests/Roamly.IntegrationTests/Roamly.IntegrationTests.csproj" />
    <Project Path="tests/Roamly.Model.Tests/Roamly.Model.Tests.csproj" />
  </Folder>
</Solution>
